{
  "nodes": {
    "base-nixpkgs": {
      "inputs": {
        "flake-parts": "flake-parts",
        "stable": "stable",
        "unstable": "unstable"
      },
      "locked": {
        "dir": "base-nixpkgs",
        "lastModified": 1786841326,
        "narHash": "sha256-5X2T0660GG/1H/CGZWM/l3pmnfjEHJHheI77Jj3jCTc=",
        "owner": "ck3mp3r",
        "repo": "flakes",
        "rev": "51a49fab12d630ec5593464074a6f7f979119134",
        "type": "github"
      },
      "original": {
        "dir": "base-nixpkgs",
        "owner": "ck3mp3r",
        "repo": "flakes",
        "type": "github"
      }
    },
    "flake-parts": {
      "inputs": {
        "nixpkgs-lib": "nixpkgs-lib"
      },
      "locked": {
        "lastModified": 1785627969,
        "narHash": "sha256-4dtXQk/NMePegK/nWp5NSeuZKLATItOq61lpEvmXqGw=",
        "owner": "hercules-ci",
        "repo": "flake-parts",
        "rev": "427bf4bd9435fdf21321c8cc628c24efc14c0f7a",
        "type": "github"
      },
      "original": {
        "owner": "hercules-ci",
        "repo": "flake-parts",
        "type": "github"
      }
    },
    "flake-parts_2": {
      "inputs": {
        "nixpkgs-lib": "nixpkgs-lib_2"
      },
      "locked": {
        "lastModified": 1785627969,
        "narHash": "sha256-4dtXQk/NMePegK/nWp5NSeuZKLATItOq61lpEvmXqGw=",
        "owner": "hercules-ci",
        "repo": "flake-parts",
        "rev": "427bf4bd9435fdf21321c8cc628c24efc14c0f7a",
        "type": "github"
      },
      "original": {
        "owner": "hercules-ci",
        "repo": "flake-parts",
        "type": "github"
      }
    },
    "nixpkgs-lib": {
      "locked": {
        "lastModified": 1785031560,
        "narHash": "sha256-OmshNvn2vupOFpYinLUu+1Dnpu4n7Q5N3ggGVNHpkUI=",
        "owner": "nix-community",
        "repo": "nixpkgs.lib",
        "rev": "0e79af5e3d4dcfcd676ab5ba3f95d2e3352e078c",
        "type": "github"
      },
      "original": {
        "owner": "nix-community",
        "repo": "nixpkgs.lib",
        "type": "github"
      }
    },
    "nixpkgs-lib_2": {
      "locked": {
        "lastModified": 1785031560,
        "narHash": "sha256-OmshNvn2vupOFpYinLUu+1Dnpu4n7Q5N3ggGVNHpkUI=",
        "owner": "nix-community",
        "repo": "nixpkgs.lib",
        "rev": "0e79af5e3d4dcfcd676ab5ba3f95d2e3352e078c",
        "type": "github"
      },
      "original": {
        "owner": "nix-community",
        "repo": "nixpkgs.lib",
        "type": "github"
      }
    },
    "opencode-darwin-arm64": {
      "flake": false,
      "locked": {
        "lastModified": 1787322800,
        "narHash": "sha256-9lzrY5wIfk46NXRYBEoo1FGjIYQzVXKsIOZeZVRdTK0=",
        "type": "tarball",
        "url": "https://github.com/anomalyco/opencode/releases/download/v1.18.21/opencode-darwin-arm64.zip"
      },
      "original": {
        "type": "tarball",
        "url": "https://github.com/anomalyco/opencode/releases/download/v1.18.21/opencode-darwin-arm64.zip"
      }
    },
    "opencode-linux-arm64": {
      "flake": false,
      "locked": {
        "lastModified": 1787322790,
        "narHash": "sha256-QB+KQ8ghvPK025NDxlTDcbTo5id6FndbL+E+9EqxaR0=",
        "type": "tarball",
        "url": "https://github.com/anomalyco/opencode/releases/download/v1.18.21/opencode-linux-arm64.tar.gz"
      },
      "original": {
        "type": "tarball",
        "url": "https://github.com/anomalyco/opencode/releases/download/v1.18.21/opencode-linux-arm64.tar.gz"
      }
    },
    "opencode-linux-x64": {
      "flake": false,
      "locked": {
        "lastModified": 1787322793,
        "narHash": "sha256-B+9E9ycdCBWklrBhzbQw1rirctMN5uzubSy9vPN7Ths=",
        "type": "tarball",
        "url": "https://github.com/anomalyco/opencode/releases/download/v1.18.21/opencode-linux-x64-baseline.tar.gz"
      },
      "original": {
        "type": "tarball",
        "url": "https://github.com/anomalyco/opencode/releases/download/v1.18.21/opencode-linux-x64-baseline.tar.gz"
      }
    },
    "root": {
      "inputs": {
        "base-nixpkgs": "base-nixpkgs",
        "flake-parts": "flake-parts_2",
        "nixpkgs": [
          "base-nixpkgs",
          "unstable"
        ],
        "opencode-darwin-arm64": "opencode-darwin-arm64",
        "opencode-linux-arm64": "opencode-linux-arm64",
        "opencode-linux-x64": "opencode-linux-x64"
      }
    },
    "stable": {
      "locked": {
        "lastModified": 1786835826,
        "narHash": "sha256-/5DR0Lc3YmadHM+2TuGeWJL0RfzB6IynDeo1NTdgH48=",
        "owner": "nixos",
        "repo": "nixpkgs",
        "rev": "fd2da4c15bf01d233741bce4d401fc2033261e5a",
        "type": "github"
      },
      "original": {
        "owner": "nixos",
        "ref": "release-26.05",
        "repo": "nixpkgs",
        "type": "github"
      }
    },
    "unstable": {
      "locked": {
        "lastModified": 1786593342,
        "narHash": "sha256-smTKQXMLLStzc8zJevMCckbk3My7SvbbLmPYZUJJKW4=",
        "owner": "nixos",
        "repo": "nixpkgs",
        "rev": "6b5e5b7a6631f065bf6908986990b37d845f847f",
        "type": "github"
      },
      "original": {
        "owner": "nixos",
        "ref": "nixpkgs-unstable",
        "repo": "nixpkgs",
        "type": "github"
      }
    }
  },
  "root": "root",
  "version": 7
}
