{
  "nodes": {
    "base-nixpkgs": {
      "inputs": {
        "flake-parts": "flake-parts",
        "stable": "stable",
        "unstable": "unstable"
      },
      "locked": {
        "dir": "base-nixpkgs",
        "lastModified": 1773571678,
        "narHash": "sha256-4hAlA0CJutYCjMStff3tC8oyS6qOLeyeBQPc2vdRA3E=",
        "owner": "ck3mp3r",
        "repo": "flakes",
        "rev": "9ca52e24071e66067428b794e2f5c37e0835be32",
        "type": "github"
      },
      "original": {
        "dir": "base-nixpkgs",
        "owner": "ck3mp3r",
        "repo": "flakes",
        "type": "github"
      }
    },
    "flake-parts": {
      "inputs": {
        "nixpkgs-lib": "nixpkgs-lib"
      },
      "locked": {
        "lastModified": 1772408722,
        "narHash": "sha256-rHuJtdcOjK7rAHpHphUb1iCvgkU3GpfvicLMwwnfMT0=",
        "owner": "hercules-ci",
        "repo": "flake-parts",
        "rev": "f20dc5d9b8027381c474144ecabc9034d6a839a3",
        "type": "github"
      },
      "original": {
        "owner": "hercules-ci",
        "repo": "flake-parts",
        "type": "github"
      }
    },
    "flake-parts_2": {
      "inputs": {
        "nixpkgs-lib": "nixpkgs-lib_2"
      },
      "locked": {
        "lastModified": 1772408722,
        "narHash": "sha256-rHuJtdcOjK7rAHpHphUb1iCvgkU3GpfvicLMwwnfMT0=",
        "owner": "hercules-ci",
        "repo": "flake-parts",
        "rev": "f20dc5d9b8027381c474144ecabc9034d6a839a3",
        "type": "github"
      },
      "original": {
        "owner": "hercules-ci",
        "repo": "flake-parts",
        "type": "github"
      }
    },
    "nixpkgs-lib": {
      "locked": {
        "lastModified": 1772328832,
        "narHash": "sha256-e+/T/pmEkLP6BHhYjx6GmwP5ivonQQn0bJdH9YrRB+Q=",
        "owner": "nix-community",
        "repo": "nixpkgs.lib",
        "rev": "c185c7a5e5dd8f9add5b2f8ebeff00888b070742",
        "type": "github"
      },
      "original": {
        "owner": "nix-community",
        "repo": "nixpkgs.lib",
        "type": "github"
      }
    },
    "nixpkgs-lib_2": {
      "locked": {
        "lastModified": 1772328832,
        "narHash": "sha256-e+/T/pmEkLP6BHhYjx6GmwP5ivonQQn0bJdH9YrRB+Q=",
        "owner": "nix-community",
        "repo": "nixpkgs.lib",
        "rev": "c185c7a5e5dd8f9add5b2f8ebeff00888b070742",
        "type": "github"
      },
      "original": {
        "owner": "nix-community",
        "repo": "nixpkgs.lib",
        "type": "github"
      }
    },
    "opencode-darwin-arm64": {
      "flake": false,
      "locked": {
        "lastModified": 1773418540,
        "narHash": "sha256-cdqgYCYDM+/LKM7WkVO+5NnWbhOUR3Bf52TMXuv/sEY=",
        "type": "tarball",
        "url": "https://github.com/anomalyco/opencode/releases/download/v1.2.26/opencode-darwin-arm64.zip"
      },
      "original": {
        "type": "tarball",
        "url": "https://github.com/anomalyco/opencode/releases/download/v1.2.26/opencode-darwin-arm64.zip"
      }
    },
    "opencode-linux-arm64": {
      "flake": false,
      "locked": {
        "lastModified": 1773418534,
        "narHash": "sha256-jY6Y77A+uigRolzMrt0ED5MRwh24EaTESjMzW7oh90c=",
        "type": "tarball",
        "url": "https://github.com/anomalyco/opencode/releases/download/v1.2.26/opencode-linux-arm64.tar.gz"
      },
      "original": {
        "type": "tarball",
        "url": "https://github.com/anomalyco/opencode/releases/download/v1.2.26/opencode-linux-arm64.tar.gz"
      }
    },
    "opencode-linux-x64": {
      "flake": false,
      "locked": {
        "lastModified": 1773418535,
        "narHash": "sha256-zMIc7Jd1Eyw0kX2EJTA7CazspWuz4vkX49PtNvWYJWk=",
        "type": "tarball",
        "url": "https://github.com/anomalyco/opencode/releases/download/v1.2.26/opencode-linux-x64-baseline.tar.gz"
      },
      "original": {
        "type": "tarball",
        "url": "https://github.com/anomalyco/opencode/releases/download/v1.2.26/opencode-linux-x64-baseline.tar.gz"
      }
    },
    "root": {
      "inputs": {
        "base-nixpkgs": "base-nixpkgs",
        "flake-parts": "flake-parts_2",
        "nixpkgs": [
          "base-nixpkgs",
          "unstable"
        ],
        "opencode-darwin-arm64": "opencode-darwin-arm64",
        "opencode-linux-arm64": "opencode-linux-arm64",
        "opencode-linux-x64": "opencode-linux-x64"
      }
    },
    "stable": {
      "locked": {
        "lastModified": 1773563794,
        "narHash": "sha256-GzwsJviTdcwiKlSwb3svANFz7dve22F8yRx1LCM72ig=",
        "owner": "nixos",
        "repo": "nixpkgs",
        "rev": "aeacf73c959e4d418da9abbd7674ee45c875b52d",
        "type": "github"
      },
      "original": {
        "owner": "nixos",
        "ref": "release-25.11",
        "repo": "nixpkgs",
        "type": "github"
      }
    },
    "unstable": {
      "locked": {
        "lastModified": 1773507054,
        "narHash": "sha256-Q8U5VXgrcxmCxPtCCJCIZkcAX3FCZwGh1GNVIXxMND0=",
        "owner": "nixos",
        "repo": "nixpkgs",
        "rev": "e80236013dc8b77aa49ca90e7a12d86f5d8d64c9",
        "type": "github"
      },
      "original": {
        "owner": "nixos",
        "ref": "nixpkgs-unstable",
        "repo": "nixpkgs",
        "type": "github"
      }
    }
  },
  "root": "root",
  "version": 7
}
