{
  "nodes": {
    "base-nixpkgs": {
      "inputs": {
        "flake-parts": "flake-parts",
        "stable": "stable",
        "unstable": "unstable"
      },
      "locked": {
        "dir": "base-nixpkgs",
        "lastModified": 1774796574,
        "narHash": "sha256-u7yEiTl6kk6OduClNtpULD6HDboFVr48DvwQ9ZHyKVM=",
        "owner": "ck3mp3r",
        "repo": "flakes",
        "rev": "8532714200431cb4bd2f00eff7e0cadf9bcd2b1d",
        "type": "github"
      },
      "original": {
        "dir": "base-nixpkgs",
        "owner": "ck3mp3r",
        "repo": "flakes",
        "type": "github"
      }
    },
    "flake-parts": {
      "inputs": {
        "nixpkgs-lib": "nixpkgs-lib"
      },
      "locked": {
        "lastModified": 1772408722,
        "narHash": "sha256-rHuJtdcOjK7rAHpHphUb1iCvgkU3GpfvicLMwwnfMT0=",
        "owner": "hercules-ci",
        "repo": "flake-parts",
        "rev": "f20dc5d9b8027381c474144ecabc9034d6a839a3",
        "type": "github"
      },
      "original": {
        "owner": "hercules-ci",
        "repo": "flake-parts",
        "type": "github"
      }
    },
    "flake-parts_2": {
      "inputs": {
        "nixpkgs-lib": "nixpkgs-lib_2"
      },
      "locked": {
        "lastModified": 1772408722,
        "narHash": "sha256-rHuJtdcOjK7rAHpHphUb1iCvgkU3GpfvicLMwwnfMT0=",
        "owner": "hercules-ci",
        "repo": "flake-parts",
        "rev": "f20dc5d9b8027381c474144ecabc9034d6a839a3",
        "type": "github"
      },
      "original": {
        "owner": "hercules-ci",
        "repo": "flake-parts",
        "type": "github"
      }
    },
    "nixpkgs-lib": {
      "locked": {
        "lastModified": 1772328832,
        "narHash": "sha256-e+/T/pmEkLP6BHhYjx6GmwP5ivonQQn0bJdH9YrRB+Q=",
        "owner": "nix-community",
        "repo": "nixpkgs.lib",
        "rev": "c185c7a5e5dd8f9add5b2f8ebeff00888b070742",
        "type": "github"
      },
      "original": {
        "owner": "nix-community",
        "repo": "nixpkgs.lib",
        "type": "github"
      }
    },
    "nixpkgs-lib_2": {
      "locked": {
        "lastModified": 1772328832,
        "narHash": "sha256-e+/T/pmEkLP6BHhYjx6GmwP5ivonQQn0bJdH9YrRB+Q=",
        "owner": "nix-community",
        "repo": "nixpkgs.lib",
        "rev": "c185c7a5e5dd8f9add5b2f8ebeff00888b070742",
        "type": "github"
      },
      "original": {
        "owner": "nix-community",
        "repo": "nixpkgs.lib",
        "type": "github"
      }
    },
    "opencode-darwin-arm64": {
      "flake": false,
      "locked": {
        "lastModified": 1774849510,
        "narHash": "sha256-jHC/uUHEVy4eZXQjkIf0NRAsHJt/uqfJoHZUBRgYsPg=",
        "type": "tarball",
        "url": "https://github.com/anomalyco/opencode/releases/download/v1.3.7/opencode-darwin-arm64.zip"
      },
      "original": {
        "type": "tarball",
        "url": "https://github.com/anomalyco/opencode/releases/download/v1.3.7/opencode-darwin-arm64.zip"
      }
    },
    "opencode-linux-arm64": {
      "flake": false,
      "locked": {
        "lastModified": 1774849502,
        "narHash": "sha256-6TnchadyXhdxVICAQsDb8NshW94oxzvqWY9t20A9Nek=",
        "type": "tarball",
        "url": "https://github.com/anomalyco/opencode/releases/download/v1.3.7/opencode-linux-arm64.tar.gz"
      },
      "original": {
        "type": "tarball",
        "url": "https://github.com/anomalyco/opencode/releases/download/v1.3.7/opencode-linux-arm64.tar.gz"
      }
    },
    "opencode-linux-x64": {
      "flake": false,
      "locked": {
        "lastModified": 1774849504,
        "narHash": "sha256-iECeYR8xWSoBi66e3+7EeS9ETer1jX8Em3Nkb2k05PU=",
        "type": "tarball",
        "url": "https://github.com/anomalyco/opencode/releases/download/v1.3.7/opencode-linux-x64-baseline.tar.gz"
      },
      "original": {
        "type": "tarball",
        "url": "https://github.com/anomalyco/opencode/releases/download/v1.3.7/opencode-linux-x64-baseline.tar.gz"
      }
    },
    "root": {
      "inputs": {
        "base-nixpkgs": "base-nixpkgs",
        "flake-parts": "flake-parts_2",
        "nixpkgs": [
          "base-nixpkgs",
          "unstable"
        ],
        "opencode-darwin-arm64": "opencode-darwin-arm64",
        "opencode-linux-arm64": "opencode-linux-arm64",
        "opencode-linux-x64": "opencode-linux-x64"
      }
    },
    "stable": {
      "locked": {
        "lastModified": 1774738784,
        "narHash": "sha256-ePBu5QcXZyCbV09WkyGYcAapNdCPykQiXLkyxqPS3qk=",
        "owner": "nixos",
        "repo": "nixpkgs",
        "rev": "8f7336843dd898f588ccd03134d89693a12b162f",
        "type": "github"
      },
      "original": {
        "owner": "nixos",
        "ref": "release-25.11",
        "repo": "nixpkgs",
        "type": "github"
      }
    },
    "unstable": {
      "locked": {
        "lastModified": 1774610258,
        "narHash": "sha256-HaThtroVD9wRdx7KQk0B75JmFcXlMUoEdDFNOMOlsOs=",
        "owner": "nixos",
        "repo": "nixpkgs",
        "rev": "832efc09b4caf6b4569fbf9dc01bec3082a00611",
        "type": "github"
      },
      "original": {
        "owner": "nixos",
        "ref": "nixpkgs-unstable",
        "repo": "nixpkgs",
        "type": "github"
      }
    }
  },
  "root": "root",
  "version": 7
}
