{
  "nodes": {
    "base-nixpkgs": {
      "inputs": {
        "flake-parts": "flake-parts",
        "stable": "stable",
        "unstable": "unstable"
      },
      "locked": {
        "dir": "base-nixpkgs",
        "lastModified": 1785027850,
        "narHash": "sha256-xpQh4dVxsf7W7Jj19d5yuDZ+jgxVhDAOe7C7imcPzNw=",
        "owner": "ck3mp3r",
        "repo": "flakes",
        "rev": "c3c612f6587f9376130214468b8542098e4b6649",
        "type": "github"
      },
      "original": {
        "dir": "base-nixpkgs",
        "owner": "ck3mp3r",
        "repo": "flakes",
        "type": "github"
      }
    },
    "flake-parts": {
      "inputs": {
        "nixpkgs-lib": "nixpkgs-lib"
      },
      "locked": {
        "lastModified": 1782949081,
        "narHash": "sha256-vp6Y/Grm98ESt6ceOkWiHWyZRDV3J1RID4w+6NWK9yA=",
        "owner": "hercules-ci",
        "repo": "flake-parts",
        "rev": "17c9d6cdfc60c64f4ee8d306f9bc0b4ccb51481e",
        "type": "github"
      },
      "original": {
        "owner": "hercules-ci",
        "repo": "flake-parts",
        "type": "github"
      }
    },
    "flake-utils": {
      "inputs": {
        "systems": "systems"
      },
      "locked": {
        "lastModified": 1731533236,
        "narHash": "sha256-l0KFg5HjrsfsO/JpG+r7fRrqm12kzFHyUHqHCVpMMbI=",
        "owner": "numtide",
        "repo": "flake-utils",
        "rev": "11707dc2f618dd54ca8739b309ec4fc024de578b",
        "type": "github"
      },
      "original": {
        "owner": "numtide",
        "repo": "flake-utils",
        "type": "github"
      }
    },
    "nixpkgs-lib": {
      "locked": {
        "lastModified": 1782614948,
        "narHash": "sha256-ePjCwr1sNm9NYUqywL7QfK3JnlS015msC+eBu2zKlp8=",
        "owner": "nix-community",
        "repo": "nixpkgs.lib",
        "rev": "db3f255737b94216eb71cce308e2912cf6bc2d7c",
        "type": "github"
      },
      "original": {
        "owner": "nix-community",
        "repo": "nixpkgs.lib",
        "type": "github"
      }
    },
    "root": {
      "inputs": {
        "base-nixpkgs": "base-nixpkgs",
        "flake-utils": "flake-utils",
        "nixpkgs": [
          "base-nixpkgs",
          "unstable"
        ]
      }
    },
    "stable": {
      "locked": {
        "lastModified": 1785023398,
        "narHash": "sha256-0Hmg01z3yBoIv1z5ukFnWqfPsSGex7swQcI2ygruxNo=",
        "owner": "nixos",
        "repo": "nixpkgs",
        "rev": "8122ddf57627e5d3a1e73252c41b66ce9e93db91",
        "type": "github"
      },
      "original": {
        "owner": "nixos",
        "ref": "release-26.05",
        "repo": "nixpkgs",
        "type": "github"
      }
    },
    "systems": {
      "locked": {
        "lastModified": 1681028828,
        "narHash": "sha256-Vy1rq5AaRuLzOxct8nz4T6wlgyUR7zLU309k9mBC768=",
        "owner": "nix-systems",
        "repo": "default",
        "rev": "da67096a3b9bf56a91d16901293e51ba5b49a27e",
        "type": "github"
      },
      "original": {
        "owner": "nix-systems",
        "repo": "default",
        "type": "github"
      }
    },
    "unstable": {
      "locked": {
        "lastModified": 1784872115,
        "narHash": "sha256-THPEF2po0fsoH8gNtp+Ae0XFDJH3N/ol7xO3v6VMTJU=",
        "owner": "nixos",
        "repo": "nixpkgs",
        "rev": "335f0738cb2fa9708f3f428e39d2eae975d1338d",
        "type": "github"
      },
      "original": {
        "owner": "nixos",
        "ref": "nixpkgs-unstable",
        "repo": "nixpkgs",
        "type": "github"
      }
    }
  },
  "root": "root",
  "version": 7
}
