{
  "nodes": {
    "base-nixpkgs": {
      "inputs": {
        "flake-parts": "flake-parts",
        "stable": "stable",
        "unstable": "unstable"
      },
      "locked": {
        "dir": "base-nixpkgs",
        "lastModified": 1769907751,
        "narHash": "sha256-1shf9Kbek4nd/46EYU1ywLiK/506t2cTLKBvFNK3BzQ=",
        "owner": "ck3mp3r",
        "repo": "flakes",
        "rev": "533193eb52b14e6d277530ea27eb22d65d5cf8c4",
        "type": "github"
      },
      "original": {
        "dir": "base-nixpkgs",
        "owner": "ck3mp3r",
        "repo": "flakes",
        "type": "github"
      }
    },
    "flake-parts": {
      "inputs": {
        "nixpkgs-lib": "nixpkgs-lib"
      },
      "locked": {
        "lastModified": 1768135262,
        "narHash": "sha256-PVvu7OqHBGWN16zSi6tEmPwwHQ4rLPU9Plvs8/1TUBY=",
        "owner": "hercules-ci",
        "repo": "flake-parts",
        "rev": "80daad04eddbbf5a4d883996a73f3f542fa437ac",
        "type": "github"
      },
      "original": {
        "owner": "hercules-ci",
        "repo": "flake-parts",
        "type": "github"
      }
    },
    "flake-utils": {
      "inputs": {
        "systems": "systems"
      },
      "locked": {
        "lastModified": 1731533236,
        "narHash": "sha256-l0KFg5HjrsfsO/JpG+r7fRrqm12kzFHyUHqHCVpMMbI=",
        "owner": "numtide",
        "repo": "flake-utils",
        "rev": "11707dc2f618dd54ca8739b309ec4fc024de578b",
        "type": "github"
      },
      "original": {
        "owner": "numtide",
        "repo": "flake-utils",
        "type": "github"
      }
    },
    "nixpkgs-lib": {
      "locked": {
        "lastModified": 1765674936,
        "narHash": "sha256-k00uTP4JNfmejrCLJOwdObYC9jHRrr/5M/a/8L2EIdo=",
        "owner": "nix-community",
        "repo": "nixpkgs.lib",
        "rev": "2075416fcb47225d9b68ac469a5c4801a9c4dd85",
        "type": "github"
      },
      "original": {
        "owner": "nix-community",
        "repo": "nixpkgs.lib",
        "type": "github"
      }
    },
    "root": {
      "inputs": {
        "base-nixpkgs": "base-nixpkgs",
        "flake-utils": "flake-utils",
        "nixpkgs": [
          "base-nixpkgs",
          "unstable"
        ]
      }
    },
    "stable": {
      "locked": {
        "lastModified": 1769900590,
        "narHash": "sha256-I7Lmgj3owOTBGuauy9FL6qdpeK2umDoe07lM4V+PnyA=",
        "owner": "nixos",
        "repo": "nixpkgs",
        "rev": "41e216c0ca66c83b12ab7a98cc326b5db01db646",
        "type": "github"
      },
      "original": {
        "owner": "nixos",
        "ref": "release-25.11",
        "repo": "nixpkgs",
        "type": "github"
      }
    },
    "systems": {
      "locked": {
        "lastModified": 1681028828,
        "narHash": "sha256-Vy1rq5AaRuLzOxct8nz4T6wlgyUR7zLU309k9mBC768=",
        "owner": "nix-systems",
        "repo": "default",
        "rev": "da67096a3b9bf56a91d16901293e51ba5b49a27e",
        "type": "github"
      },
      "original": {
        "owner": "nix-systems",
        "repo": "default",
        "type": "github"
      }
    },
    "unstable": {
      "locked": {
        "lastModified": 1769740369,
        "narHash": "sha256-xKPyJoMoXfXpDM5DFDZDsi9PHArf2k5BJjvReYXoFpM=",
        "owner": "nixos",
        "repo": "nixpkgs",
        "rev": "6308c3b21396534d8aaeac46179c14c439a89b8a",
        "type": "github"
      },
      "original": {
        "owner": "nixos",
        "ref": "nixpkgs-unstable",
        "repo": "nixpkgs",
        "type": "github"
      }
    }
  },
  "root": "root",
  "version": 7
}
