{
  "nodes": {
    "base-nixpkgs": {
      "inputs": {
        "flake-parts": "flake-parts",
        "stable": "stable",
        "unstable": "unstable"
      },
      "locked": {
        "dir": "base-nixpkgs",
        "lastModified": 1786841326,
        "narHash": "sha256-5X2T0660GG/1H/CGZWM/l3pmnfjEHJHheI77Jj3jCTc=",
        "owner": "ck3mp3r",
        "repo": "flakes",
        "rev": "51a49fab12d630ec5593464074a6f7f979119134",
        "type": "github"
      },
      "original": {
        "dir": "base-nixpkgs",
        "owner": "ck3mp3r",
        "repo": "flakes",
        "type": "github"
      }
    },
    "fenix": {
      "inputs": {
        "nixpkgs": [
          "nixpkgs"
        ],
        "rust-analyzer-src": "rust-analyzer-src"
      },
      "locked": {
        "lastModified": 1786776350,
        "narHash": "sha256-eeXreBOQuhAxQru7nCrNhC1ymJOV746tGYVN8oP3wws=",
        "owner": "nix-community",
        "repo": "fenix",
        "rev": "7f3ed5f5840f3bd9c97d582cfcb6ec3c2c7fa166",
        "type": "github"
      },
      "original": {
        "owner": "nix-community",
        "repo": "fenix",
        "type": "github"
      }
    },
    "flake-parts": {
      "inputs": {
        "nixpkgs-lib": "nixpkgs-lib"
      },
      "locked": {
        "lastModified": 1785627969,
        "narHash": "sha256-4dtXQk/NMePegK/nWp5NSeuZKLATItOq61lpEvmXqGw=",
        "owner": "hercules-ci",
        "repo": "flake-parts",
        "rev": "427bf4bd9435fdf21321c8cc628c24efc14c0f7a",
        "type": "github"
      },
      "original": {
        "owner": "hercules-ci",
        "repo": "flake-parts",
        "type": "github"
      }
    },
    "flake-parts_2": {
      "inputs": {
        "nixpkgs-lib": "nixpkgs-lib_2"
      },
      "locked": {
        "lastModified": 1785627969,
        "narHash": "sha256-4dtXQk/NMePegK/nWp5NSeuZKLATItOq61lpEvmXqGw=",
        "owner": "hercules-ci",
        "repo": "flake-parts",
        "rev": "427bf4bd9435fdf21321c8cc628c24efc14c0f7a",
        "type": "github"
      },
      "original": {
        "owner": "hercules-ci",
        "repo": "flake-parts",
        "type": "github"
      }
    },
    "nixpkgs-lib": {
      "locked": {
        "lastModified": 1785031560,
        "narHash": "sha256-OmshNvn2vupOFpYinLUu+1Dnpu4n7Q5N3ggGVNHpkUI=",
        "owner": "nix-community",
        "repo": "nixpkgs.lib",
        "rev": "0e79af5e3d4dcfcd676ab5ba3f95d2e3352e078c",
        "type": "github"
      },
      "original": {
        "owner": "nix-community",
        "repo": "nixpkgs.lib",
        "type": "github"
      }
    },
    "nixpkgs-lib_2": {
      "locked": {
        "lastModified": 1785031560,
        "narHash": "sha256-OmshNvn2vupOFpYinLUu+1Dnpu4n7Q5N3ggGVNHpkUI=",
        "owner": "nix-community",
        "repo": "nixpkgs.lib",
        "rev": "0e79af5e3d4dcfcd676ab5ba3f95d2e3352e078c",
        "type": "github"
      },
      "original": {
        "owner": "nix-community",
        "repo": "nixpkgs.lib",
        "type": "github"
      }
    },
    "root": {
      "inputs": {
        "base-nixpkgs": "base-nixpkgs",
        "fenix": "fenix",
        "flake-parts": "flake-parts_2",
        "nixpkgs": [
          "base-nixpkgs",
          "unstable"
        ]
      }
    },
    "rust-analyzer-src": {
      "flake": false,
      "locked": {
        "lastModified": 1786661453,
        "narHash": "sha256-OylLsJCF9/znjtYAPl6Hm7MJ+j2dVzk3HUGsFmADjEM=",
        "owner": "rust-lang",
        "repo": "rust-analyzer",
        "rev": "baabc5825f3f6640e99fe32887bbeced640f825e",
        "type": "github"
      },
      "original": {
        "owner": "rust-lang",
        "ref": "nightly",
        "repo": "rust-analyzer",
        "type": "github"
      }
    },
    "stable": {
      "locked": {
        "lastModified": 1786835826,
        "narHash": "sha256-/5DR0Lc3YmadHM+2TuGeWJL0RfzB6IynDeo1NTdgH48=",
        "owner": "nixos",
        "repo": "nixpkgs",
        "rev": "fd2da4c15bf01d233741bce4d401fc2033261e5a",
        "type": "github"
      },
      "original": {
        "owner": "nixos",
        "ref": "release-26.05",
        "repo": "nixpkgs",
        "type": "github"
      }
    },
    "unstable": {
      "locked": {
        "lastModified": 1786593342,
        "narHash": "sha256-smTKQXMLLStzc8zJevMCckbk3My7SvbbLmPYZUJJKW4=",
        "owner": "nixos",
        "repo": "nixpkgs",
        "rev": "6b5e5b7a6631f065bf6908986990b37d845f847f",
        "type": "github"
      },
      "original": {
        "owner": "nixos",
        "ref": "nixpkgs-unstable",
        "repo": "nixpkgs",
        "type": "github"
      }
    }
  },
  "root": "root",
  "version": 7
}
