{
  "nodes": {
    "flake-utils": {
      "inputs": {
        "systems": "systems"
      },
      "locked": {
        "lastModified": 1731533236,
        "narHash": "sha256-l0KFg5HjrsfsO/JpG+r7fRrqm12kzFHyUHqHCVpMMbI=",
        "owner": "numtide",
        "repo": "flake-utils",
        "rev": "11707dc2f618dd54ca8739b309ec4fc024de578b",
        "type": "github"
      },
      "original": {
        "owner": "numtide",
        "repo": "flake-utils",
        "type": "github"
      }
    },
    "nixpkgs": {
      "locked": {
        "lastModified": 1753236514,
        "narHash": "sha256-kfRD+8jMF4gOvL7FBfmqL4RKOOPr5LpddDoSF5rbLF0=",
        "owner": "nixos",
        "repo": "nixpkgs",
        "rev": "0f50c2a4b57d24c32bb9a4fa3e50ab54c90e8df6",
        "type": "github"
      },
      "original": {
        "owner": "nixos",
        "repo": "nixpkgs",
        "type": "github"
      }
    },
    "root": {
      "inputs": {
        "flake-utils": "flake-utils",
        "nixpkgs": "nixpkgs",
        "topiary-nushell": "topiary-nushell",
        "tree-sitter-nu": "tree-sitter-nu"
      }
    },
    "systems": {
      "locked": {
        "lastModified": 1681028828,
        "narHash": "sha256-Vy1rq5AaRuLzOxct8nz4T6wlgyUR7zLU309k9mBC768=",
        "owner": "nix-systems",
        "repo": "default",
        "rev": "da67096a3b9bf56a91d16901293e51ba5b49a27e",
        "type": "github"
      },
      "original": {
        "owner": "nix-systems",
        "repo": "default",
        "type": "github"
      }
    },
    "topiary-nushell": {
      "flake": false,
      "locked": {
        "lastModified": 1753014447,
        "narHash": "sha256-rZZVohgaxDjqsDH1ZleOtrvDc329trT+0JRF4UxX+O8=",
        "owner": "blindFS",
        "repo": "topiary-nushell",
        "rev": "66ea3507918949bf396fc6647dd11ccc4da0dc30",
        "type": "github"
      },
      "original": {
        "owner": "blindFS",
        "repo": "topiary-nushell",
        "type": "github"
      }
    },
    "tree-sitter-nu": {
      "flake": false,
      "locked": {
        "lastModified": 1752632029,
        "narHash": "sha256-+KsRkfx0WmcfYBP7zxXqL8kPm/HsBjuI56/v910kMFU=",
        "owner": "nushell",
        "repo": "tree-sitter-nu",
        "rev": "6544c4383643cf8608d50def2247a7af8314e148",
        "type": "github"
      },
      "original": {
        "owner": "nushell",
        "repo": "tree-sitter-nu",
        "type": "github"
      }
    }
  },
  "root": "root",
  "version": 7
}
