{
  "nodes": {
    "flake-utils": {
      "inputs": {
        "systems": "systems"
      },
      "locked": {
        "lastModified": 1731533236,
        "narHash": "sha256-l0KFg5HjrsfsO/JpG+r7fRrqm12kzFHyUHqHCVpMMbI=",
        "owner": "numtide",
        "repo": "flake-utils",
        "rev": "11707dc2f618dd54ca8739b309ec4fc024de578b",
        "type": "github"
      },
      "original": {
        "owner": "numtide",
        "repo": "flake-utils",
        "type": "github"
      }
    },
    "nixpkgs": {
      "locked": {
        "lastModified": 1752630491,
        "narHash": "sha256-kNwuyI7uLoYpmAJWINJLfJSR1QVO44/YkQLTvJIFR0w=",
        "owner": "nixos",
        "repo": "nixpkgs",
        "rev": "a646b312bdff3b0ac2d156a30f45bcaa4ee7f409",
        "type": "github"
      },
      "original": {
        "owner": "nixos",
        "repo": "nixpkgs",
        "type": "github"
      }
    },
    "root": {
      "inputs": {
        "flake-utils": "flake-utils",
        "nixpkgs": "nixpkgs",
        "topiary-nushell": "topiary-nushell",
        "tree-sitter-nu": "tree-sitter-nu"
      }
    },
    "systems": {
      "locked": {
        "lastModified": 1681028828,
        "narHash": "sha256-Vy1rq5AaRuLzOxct8nz4T6wlgyUR7zLU309k9mBC768=",
        "owner": "nix-systems",
        "repo": "default",
        "rev": "da67096a3b9bf56a91d16901293e51ba5b49a27e",
        "type": "github"
      },
      "original": {
        "owner": "nix-systems",
        "repo": "default",
        "type": "github"
      }
    },
    "topiary-nushell": {
      "flake": false,
      "locked": {
        "lastModified": 1752029156,
        "narHash": "sha256-Ci3NK0r4HGRezc9p3RemUEUayob0tdnglYz/Eg9jXek=",
        "owner": "blindFS",
        "repo": "topiary-nushell",
        "rev": "8cb76b0ebe12bb06b1258b5e681f45a7637dc3f1",
        "type": "github"
      },
      "original": {
        "owner": "blindFS",
        "repo": "topiary-nushell",
        "type": "github"
      }
    },
    "tree-sitter-nu": {
      "flake": false,
      "locked": {
        "lastModified": 1752413323,
        "narHash": "sha256-SJIcOS0cFp5MqzqzaBzP1obXGrjtTaKO6gCQXx5DYYE=",
        "owner": "nushell",
        "repo": "tree-sitter-nu",
        "rev": "3e0c157aeb3b80bf10f2c706f013c9d2bef621cc",
        "type": "github"
      },
      "original": {
        "owner": "nushell",
        "repo": "tree-sitter-nu",
        "type": "github"
      }
    }
  },
  "root": "root",
  "version": 7
}
