{
  "nodes": {
    "base-nixpkgs": {
      "inputs": {
        "flake-parts": "flake-parts",
        "stable": "stable",
        "unstable": "unstable"
      },
      "locked": {
        "dir": "base-nixpkgs",
        "lastModified": 1777771040,
        "narHash": "sha256-J/7smZ0CtOM5wsU9XFa5wugML9xXmICZkKxwoET5bn8=",
        "owner": "ck3mp3r",
        "repo": "flakes",
        "rev": "80aaebfbf40b23ce64320b21674fcc1bd4f981f7",
        "type": "github"
      },
      "original": {
        "dir": "base-nixpkgs",
        "owner": "ck3mp3r",
        "repo": "flakes",
        "type": "github"
      }
    },
    "devshell": {
      "inputs": {
        "nixpkgs": [
          "nixpkgs"
        ]
      },
      "locked": {
        "lastModified": 1768818222,
        "narHash": "sha256-460jc0+CZfyaO8+w8JNtlClB2n4ui1RbHfPTLkpwhU8=",
        "owner": "numtide",
        "repo": "devshell",
        "rev": "255a2b1725a20d060f566e4755dbf571bbbb5f76",
        "type": "github"
      },
      "original": {
        "owner": "numtide",
        "repo": "devshell",
        "type": "github"
      }
    },
    "flake-parts": {
      "inputs": {
        "nixpkgs-lib": "nixpkgs-lib"
      },
      "locked": {
        "lastModified": 1777678872,
        "narHash": "sha256-EPIFsulyon7Z1vLQq5Fk64GR8L7cQsT+IPhcsukVbgk=",
        "owner": "hercules-ci",
        "repo": "flake-parts",
        "rev": "5250617bffd85403b14dbf43c3870e7f255d2c16",
        "type": "github"
      },
      "original": {
        "owner": "hercules-ci",
        "repo": "flake-parts",
        "type": "github"
      }
    },
    "flake-utils": {
      "inputs": {
        "systems": "systems"
      },
      "locked": {
        "lastModified": 1731533236,
        "narHash": "sha256-l0KFg5HjrsfsO/JpG+r7fRrqm12kzFHyUHqHCVpMMbI=",
        "owner": "numtide",
        "repo": "flake-utils",
        "rev": "11707dc2f618dd54ca8739b309ec4fc024de578b",
        "type": "github"
      },
      "original": {
        "owner": "numtide",
        "repo": "flake-utils",
        "type": "github"
      }
    },
    "nixpkgs-lib": {
      "locked": {
        "lastModified": 1777168982,
        "narHash": "sha256-GOkGPcboWE9BmGCRMLX3worL4EMnsnG8MyKmXNeYuhQ=",
        "owner": "nix-community",
        "repo": "nixpkgs.lib",
        "rev": "f5901329dade4a6ea039af1433fb087bd9c1fe14",
        "type": "github"
      },
      "original": {
        "owner": "nix-community",
        "repo": "nixpkgs.lib",
        "type": "github"
      }
    },
    "root": {
      "inputs": {
        "base-nixpkgs": "base-nixpkgs",
        "devshell": "devshell",
        "flake-utils": "flake-utils",
        "nixpkgs": [
          "base-nixpkgs",
          "unstable"
        ],
        "slidev-src": "slidev-src"
      }
    },
    "slidev-src": {
      "flake": false,
      "locked": {
        "lastModified": 1777691803,
        "narHash": "sha256-N7KQ5yOMSePcIgk+bPh4hHxwl8IyUCjLjpmV8bA7dYk=",
        "owner": "slidevjs",
        "repo": "slidev",
        "rev": "36f8a896618cc243be82577b77658d7ed1b122a5",
        "type": "github"
      },
      "original": {
        "owner": "slidevjs",
        "repo": "slidev",
        "type": "github"
      }
    },
    "stable": {
      "locked": {
        "lastModified": 1777766314,
        "narHash": "sha256-J9R0Lc/baeoF8KiP5ISANg8aJ1iDf6VJ8WDY1IyMoHM=",
        "owner": "nixos",
        "repo": "nixpkgs",
        "rev": "dcfe6655ecdd44dcb5c4cc278476b71ebdf74610",
        "type": "github"
      },
      "original": {
        "owner": "nixos",
        "ref": "release-25.11",
        "repo": "nixpkgs",
        "type": "github"
      }
    },
    "systems": {
      "locked": {
        "lastModified": 1681028828,
        "narHash": "sha256-Vy1rq5AaRuLzOxct8nz4T6wlgyUR7zLU309k9mBC768=",
        "owner": "nix-systems",
        "repo": "default",
        "rev": "da67096a3b9bf56a91d16901293e51ba5b49a27e",
        "type": "github"
      },
      "original": {
        "owner": "nix-systems",
        "repo": "default",
        "type": "github"
      }
    },
    "unstable": {
      "locked": {
        "lastModified": 1777578337,
        "narHash": "sha256-Ad49moKWeXtKBJNy2ebiTQUEgdLyvGmTeykAQ9xM+Z4=",
        "owner": "nixos",
        "repo": "nixpkgs",
        "rev": "15f4ee454b1dce334612fa6843b3e05cf546efab",
        "type": "github"
      },
      "original": {
        "owner": "nixos",
        "ref": "nixos-unstable",
        "repo": "nixpkgs",
        "type": "github"
      }
    }
  },
  "root": "root",
  "version": 7
}
